// !$*UTF8*$!
{
	archiveVersion = 1;
	classes = {
	};
	objectVersion = 50;
	objects = {

/* Begin PBXBuildFile section */
		D4564C9C223F3DB1007AC36A /* AppDelegate.swift in Sources */ = {isa = PBXBuildFile; fileRef = D4564C9B223F3DB1007AC36A /* AppDelegate.swift */; };
		D4564C9E223F3DB1007AC36A /* ViewController.swift in Sources */ = {isa = PBXBuildFile; fileRef = D4564C9D223F3DB1007AC36A /* ViewController.swift */; };
		D4564CA1223F3DB1007AC36A /* Main.storyboard in Resources */ = {isa = PBXBuildFile; fileRef = D4564C9F223F3DB1007AC36A /* Main.storyboard */; };
		D4564CA3223F3DB2007AC36A /* Assets.xcassets in Resources */ = {isa = PBXBuildFile; fileRef = D4564CA2223F3DB2007AC36A /* Assets.xcassets */; };
		D4564CA6223F3DB2007AC36A /* LaunchScreen.storyboard in Resources */ = {isa = PBXBuildFile; fileRef = D4564CA4223F3DB2007AC36A /* LaunchScreen.storyboard */; };
		D4564CB1223F3DB2007AC36A /* Mission_05Tests.swift in Sources */ = {isa = PBXBuildFile; fileRef = D4564CB0223F3DB2007AC36A /* Mission_05Tests.swift */; };
		D4564CBC223F3DB2007AC36A /* Mission_05UITests.swift in Sources */ = {isa = PBXBuildFile; fileRef = D4564CBB223F3DB2007AC36A /* Mission_05UITests.swift */; };
		D45CBDED223FA4B100A3780F /* WorkFlowy.html in Resources */ = {isa = PBXBuildFile; fileRef = D45CBDEC223FA4B100A3780F /* WorkFlowy.html */; };
/* End PBXBuildFile section */

/* Begin PBXContainerItemProxy section */
		D4564CAD223F3DB2007AC36A /* PBXContainerItemProxy */ = {
			isa = PBXContainerItemProxy;
			containerPortal = D4564C90223F3DB1007AC36A /* Project object */;
			proxyType = 1;
			remoteGlobalIDString = D4564C97223F3DB1007AC36A;
			remoteInfo = Mission_05;
		};
		D4564CB8223F3DB2007AC36A /* PBXContainerItemProxy */ = {
			isa = PBXContainerItemProxy;
			containerPortal = D4564C90223F3DB1007AC36A /* Project object */;
			proxyType = 1;
			remoteGlobalIDString = D4564C97223F3DB1007AC36A;
			remoteInfo = Mission_05;
		};
/* End PBXContainerItemProxy section */

/* Begin PBXFileReference section */
		D4564C98223F3DB1007AC36A /* Mission_05.app */ = {isa = PBXFileReference; explicitFileType = wrapper.application; includeInIndex = 0; path = Mission_05.app; sourceTree = BUILT_PRODUCTS_DIR; };
		D4564C9B223F3DB1007AC36A /* AppDelegate.swift */ = {isa = PBXFileReference; lastKnownFileType = sourcecode.swift; path = AppDelegate.swift; sourceTree = "<group>"; };
		D4564C9D223F3DB1007AC36A /* ViewController.swift */ = {isa = PBXFileReference; lastKnownFileType = sourcecode.swift; path = ViewController.swift; sourceTree = "<group>"; };
		D4564CA0223F3DB1007AC36A /* Base */ = {isa = PBXFileReference; lastKnownFileType = file.storyboard; name = Base; path = Base.lproj/Main.storyboard; sourceTree = "<group>"; };
		D4564CA2223F3DB2007AC36A /* Assets.xcassets */ = {isa = PBXFileReference; lastKnownFileType = folder.assetcatalog; path = Assets.xcassets; sourceTree = "<group>"; };
		D4564CA5223F3DB2007AC36A /* Base */ = {isa = PBXFileReference; lastKnownFileType = file.storyboard; name = Base; path = Base.lproj/LaunchScreen.storyboard; sourceTree = "<group>"; };
		D4564CA7223F3DB2007AC36A /* Info.plist */ = {isa = PBXFileReference; lastKnownFileType = text.plist.xml; path = Info.plist; sourceTree = "<group>"; };
		D4564CAC223F3DB2007AC36A /* Mission_05Tests.xctest */ = {isa = PBXFileReference; explicitFileType = wrapper.cfbundle; includeInIndex = 0; path = Mission_05Tests.xctest; sourceTree = BUILT_PRODUCTS_DIR; };
		D4564CB0223F3DB2007AC36A /* Mission_05Tests.swift */ = {isa = PBXFileReference; lastKnownFileType = sourcecode.swift; path = Mission_05Tests.swift; sourceTree = "<group>"; };
		D4564CB2223F3DB2007AC36A /* Info.plist */ = {isa = PBXFileReference; lastKnownFileType = text.plist.xml; path = Info.plist; sourceTree = "<group>"; };
		D4564CB7223F3DB2007AC36A /* Mission_05UITests.xctest */ = {isa = PBXFileReference; explicitFileType = wrapper.cfbundle; includeInIndex = 0; path = Mission_05UITests.xctest; sourceTree = BUILT_PRODUCTS_DIR; };
		D4564CBB223F3DB2007AC36A /* Mission_05UITests.swift */ = {isa = PBXFileReference; lastKnownFileType = sourcecode.swift; path = Mission_05UITests.swift; sourceTree = "<group>"; };
		D4564CBD223F3DB2007AC36A /* Info.plist */ = {isa = PBXFileReference; lastKnownFileType = text.plist.xml; path = Info.plist; sourceTree = "<group>"; };
		D45CBDEC223FA4B100A3780F /* WorkFlowy.html */ = {isa = PBXFileReference; lastKnownFileType = text.html; path = WorkFlowy.html; sourceTree = "<group>"; };
/* End PBXFileReference section */

/* Begin PBXFrameworksBuildPhase section */
		D4564C95223F3DB1007AC36A /* Frameworks */ = {
			isa = PBXFrameworksBuildPhase;
			buildActionMask = 2147483647;
			files = (
			);
			runOnlyForDeploymentPostprocessing = 0;
		};
		D4564CA9223F3DB2007AC36A /* Frameworks */ = {
			isa = PBXFrameworksBuildPhase;
			buildActionMask = 2147483647;
			files = (
			);
			runOnlyForDeploymentPostprocessing = 0;
		};
		D4564CB4223F3DB2007AC36A /* Frameworks */ = {
			isa = PBXFrameworksBuildPhase;
			buildActionMask = 2147483647;
			files = (
			);
			runOnlyForDeploymentPostprocessing = 0;
		};
/* End PBXFrameworksBuildPhase section */

/* Begin PBXGroup section */
		D4564C8F223F3DB1007AC36A = {
			isa = PBXGroup;
			children = (
				D4564C9A223F3DB1007AC36A /* Mission_05 */,
				D4564CAF223F3DB2007AC36A /* Mission_05Tests */,
				D4564CBA223F3DB2007AC36A /* Mission_05UITests */,
				D4564C99223F3DB1007AC36A /* Products */,
			);
			sourceTree = "<group>";
		};
		D4564C99223F3DB1007AC36A /* Products */ = {
			isa = PBXGroup;
			children = (
				D4564C98223F3DB1007AC36A /* Mission_05.app */,
				D4564CAC223F3DB2007AC36A /* Mission_05Tests.xctest */,
				D4564CB7223F3DB2007AC36A /* Mission_05UITests.xctest */,
			);
			name = Products;
			sourceTree = "<group>";
		};
		D4564C9A223F3DB1007AC36A /* Mission_05 */ = {
			isa = PBXGroup;
			children = (
				D4564C9B223F3DB1007AC36A /* AppDelegate.swift */,
				D4564C9D223F3DB1007AC36A /* ViewController.swift */,
				D4564C9F223F3DB1007AC36A /* Main.storyboard */,
				D45CBDEC223FA4B100A3780F /* WorkFlowy.html */,
				D4564CA2223F3DB2007AC36A /* Assets.xcassets */,
				D4564CA4223F3DB2007AC36A /* LaunchScreen.storyboard */,
				D4564CA7223F3DB2007AC36A /* Info.plist */,
			);
			path = Mission_05;
			sourceTree = "<group>";
		};
		D4564CAF223F3DB2007AC36A /* Mission_05Tests */ = {
			isa = PBXGroup;
			children = (
				D4564CB0223F3DB2007AC36A /* Mission_05Tests.swift */,
				D4564CB2223F3DB2007AC36A /* Info.plist */,
			);
			path = Mission_05Tests;
			sourceTree = "<group>";
		};
		D4564CBA223F3DB2007AC36A /* Mission_05UITests */ = {
			isa = PBXGroup;
			children = (
				D4564CBB223F3DB2007AC36A /* Mission_05UITests.swift */,
				D4564CBD223F3DB2007AC36A /* Info.plist */,
			);
			path = Mission_05UITests;
			sourceTree = "<group>";
		};
/* End PBXGroup section */

/* Begin PBXNativeTarget section */
		D4564C97223F3DB1007AC36A /* Mission_05 */ = {
			isa = PBXNativeTarget;
			buildConfigurationList = D4564CC0223F3DB2007AC36A /* Build configuration list for PBXNativeTarget "Mission_05" */;
			buildPhases = (
				D4564C94223F3DB1007AC36A /* Sources */,
				D4564C95223F3DB1007AC36A /* Frameworks */,
				D4564C96223F3DB1007AC36A /* Resources */,
			);
			buildRules = (
			);
			dependencies = (
			);
			name = Mission_05;
			productName = Mission_05;
			productReference = D4564C98223F3DB1007AC36A /* Mission_05.app */;
			productType = "com.apple.product-type.application";
		};
		D4564CAB223F3DB2007AC36A /* Mission_05Tests */ = {
			isa = PBXNativeTarget;
			buildConfigurationList = D4564CC3223F3DB2007AC36A /* Build configuration list for PBXNativeTarget "Mission_05Tests" */;
			buildPhases = (
				D4564CA8223F3DB2007AC36A /* Sources */,
				D4564CA9223F3DB2007AC36A /* Frameworks */,
				D4564CAA223F3DB2007AC36A /* Resources */,
			);
			buildRules = (
			);
			dependencies = (
				D4564CAE223F3DB2007AC36A /* PBXTargetDependency */,
			);
			name = Mission_05Tests;
			productName = Mission_05Tests;
			productReference = D4564CAC223F3DB2007AC36A /* Mission_05Tests.xctest */;
			productType = "com.apple.product-type.bundle.unit-test";
		};
		D4564CB6223F3DB2007AC36A /* Mission_05UITests */ = {
			isa = PBXNativeTarget;
			buildConfigurationList = D4564CC6223F3DB2007AC36A /* Build configuration list for PBXNativeTarget "Mission_05UITests" */;
			buildPhases = (
				D4564CB3223F3DB2007AC36A /* Sources */,
				D4564CB4223F3DB2007AC36A /* Frameworks */,
				D4564CB5223F3DB2007AC36A /* Resources */,
			);
			buildRules = (
			);
			dependencies = (
				D4564CB9223F3DB2007AC36A /* PBXTargetDependency */,
			);
			name = Mission_05UITests;
			productName = Mission_05UITests;
			productReference = D4564CB7223F3DB2007AC36A /* Mission_05UITests.xctest */;
			productType = "com.apple.product-type.bundle.ui-testing";
		};
/* End PBXNativeTarget section */

/* Begin PBXProject section */
		D4564C90223F3DB1007AC36A /* Project object */ = {
			isa = PBXProject;
			attributes = {
				LastSwiftUpdateCheck = 1010;
				LastUpgradeCheck = 1010;
				ORGANIZATIONNAME = "정재훈";
				TargetAttributes = {
					D4564C97223F3DB1007AC36A = {
						CreatedOnToolsVersion = 10.1;
					};
					D4564CAB223F3DB2007AC36A = {
						CreatedOnToolsVersion = 10.1;
						TestTargetID = D4564C97223F3DB1007AC36A;
					};
					D4564CB6223F3DB2007AC36A = {
						CreatedOnToolsVersion = 10.1;
						TestTargetID = D4564C97223F3DB1007AC36A;
					};
				};
			};
			buildConfigurationList = D4564C93223F3DB1007AC36A /* Build configuration list for PBXProject "Mission_05" */;
			compatibilityVersion = "Xcode 9.3";
			developmentRegion = en;
			hasScannedForEncodings = 0;
			knownRegions = (
				en,
				Base,
			);
			mainGroup = D4564C8F223F3DB1007AC36A;
			productRefGroup = D4564C99223F3DB1007AC36A /* Products */;
			projectDirPath = "";
			projectRoot = "";
			targets = (
				D4564C97223F3DB1007AC36A /* Mission_05 */,
				D4564CAB223F3DB2007AC36A /* Mission_05Tests */,
				D4564CB6223F3DB2007AC36A /* Mission_05UITests */,
			);
		};
/* End PBXProject section */

/* Begin PBXResourcesBuildPhase section */
		D4564C96223F3DB1007AC36A /* Resources */ = {
			isa = PBXResourcesBuildPhase;
			buildActionMask = 2147483647;
			files = (
				D4564CA6223F3DB2007AC36A /* LaunchScreen.storyboard in Resources */,
				D45CBDED223FA4B100A3780F /* WorkFlowy.html in Resources */,
				D4564CA3223F3DB2007AC36A /* Assets.xcassets in Resources */,
				D4564CA1223F3DB1007AC36A /* Main.storyboard in Resources */,
			);
			runOnlyForDeploymentPostprocessing = 0;
		};
		D4564CAA223F3DB2007AC36A /* Resources */ = {
			isa = PBXResourcesBuildPhase;
			buildActionMask = 2147483647;
			files = (
			);
			runOnlyForDeploymentPostprocessing = 0;
		};
		D4564CB5223F3DB2007AC36A /* Resources */ = {
			isa = PBXResourcesBuildPhase;
			buildActionMask = 2147483647;
			files = (
			);
			runOnlyForDeploymentPostprocessing = 0;
		};
/* End PBXResourcesBuildPhase section */

/* Begin PBXSourcesBuildPhase section */
		D4564C94223F3DB1007AC36A /* Sources */ = {
			isa = PBXSourcesBuildPhase;
			buildActionMask = 2147483647;
			files = (
				D4564C9E223F3DB1007AC36A /* ViewController.swift in Sources */,
				D4564C9C223F3DB1007AC36A /* AppDelegate.swift in Sources */,
			);
			runOnlyForDeploymentPostprocessing = 0;
		};
		D4564CA8223F3DB2007AC36A /* Sources */ = {
			isa = PBXSourcesBuildPhase;
			buildActionMask = 2147483647;
			files = (
				D4564CB1223F3DB2007AC36A /* Mission_05Tests.swift in Sources */,
			);
			runOnlyForDeploymentPostprocessing = 0;
		};
		D4564CB3223F3DB2007AC36A /* Sources */ = {
			isa = PBXSourcesBuildPhase;
			buildActionMask = 2147483647;
			files = (
				D4564CBC223F3DB2007AC36A /* Mission_05UITests.swift in Sources */,
			);
			runOnlyForDeploymentPostprocessing = 0;
		};
/* End PBXSourcesBuildPhase section */

/* Begin PBXTargetDependency section */
		D4564CAE223F3DB2007AC36A /* PBXTargetDependency */ = {
			isa = PBXTargetDependency;
			target = D4564C97223F3DB1007AC36A /* Mission_05 */;
			targetProxy = D4564CAD223F3DB2007AC36A /* PBXContainerItemProxy */;
		};
		D4564CB9223F3DB2007AC36A /* PBXTargetDependency */ = {
			isa = PBXTargetDependency;
			target = D4564C97223F3DB1007AC36A /* Mission_05 */;
			targetProxy = D4564CB8223F3DB2007AC36A /* PBXContainerItemProxy */;
		};
/* End PBXTargetDependency section */

/* Begin PBXVariantGroup section */
		D4564C9F223F3DB1007AC36A /* Main.storyboard */ = {
			isa = PBXVariantGroup;
			children = (
				D4564CA0223F3DB1007AC36A /* Base */,
			);
			name = Main.storyboard;
			sourceTree = "<group>";
		};
		D4564CA4223F3DB2007AC36A /* LaunchScreen.storyboard */ = {
			isa = PBXVariantGroup;
			children = (
				D4564CA5223F3DB2007AC36A /* Base */,
			);
			name = LaunchScreen.storyboard;
			sourceTree = "<group>";
		};
/* End PBXVariantGroup section */

/* Begin XCBuildConfiguration section */
		D4564CBE223F3DB2007AC36A /* Debug */ = {
			isa = XCBuildConfiguration;
			buildSettings = {
				ALWAYS_SEARCH_USER_PATHS = NO;
				CLANG_ANALYZER_NONNULL = YES;
				CLANG_ANALYZER_NUMBER_OBJECT_CONVERSION = YES_AGGRESSIVE;
				CLANG_CXX_LANGUAGE_STANDARD = "gnu++14";
				CLANG_CXX_LIBRARY = "libc++";
				CLANG_ENABLE_MODULES = YES;
				CLANG_ENABLE_OBJC_ARC = YES;
				CLANG_ENABLE_OBJC_WEAK = YES;
				CLANG_WARN_BLOCK_CAPTURE_AUTORELEASING = YES;
				CLANG_WARN_BOOL_CONVERSION = YES;
				CLANG_WARN_COMMA = YES;
				CLANG_WARN_CONSTANT_CONVERSION = YES;
				CLANG_WARN_DEPRECATED_OBJC_IMPLEMENTATIONS = YES;
				CLANG_WARN_DIRECT_OBJC_ISA_USAGE = YES_ERROR;
				CLANG_WARN_DOCUMENTATION_COMMENTS = YES;
				CLANG_WARN_EMPTY_BODY = YES;
				CLANG_WARN_ENUM_CONVERSION = YES;
				CLANG_WARN_INFINITE_RECURSION = YES;
				CLANG_WARN_INT_CONVERSION = YES;
				CLANG_WARN_NON_LITERAL_NULL_CONVERSION = YES;
				CLANG_WARN_OBJC_IMPLICIT_RETAIN_SELF = YES;
				CLANG_WARN_OBJC_LITERAL_CONVERSION = YES;
				CLANG_WARN_OBJC_ROOT_CLASS = YES_ERROR;
				CLANG_WARN_RANGE_LOOP_ANALYSIS = YES;
				CLANG_WARN_STRICT_PROTOTYPES = YES;
				CLANG_WARN_SUSPICIOUS_MOVE = YES;
				CLANG_WARN_UNGUARDED_AVAILABILITY = YES_AGGRESSIVE;
				CLANG_WARN_UNREACHABLE_CODE = YES;
				CLANG_WARN__DUPLICATE_METHOD_MATCH = YES;
				CODE_SIGN_IDENTITY = "iPhone Developer";
				COPY_PHASE_STRIP = NO;
				DEBUG_INFORMATION_FORMAT = dwarf;
				ENABLE_STRICT_OBJC_MSGSEND = YES;
				ENABLE_TESTABILITY = YES;
				GCC_C_LANGUAGE_STANDARD = gnu11;
				GCC_DYNAMIC_NO_PIC = NO;
				GCC_NO_COMMON_BLOCKS = YES;
				GCC_OPTIMIZATION_LEVEL = 0;
				GCC_PREPROCESSOR_DEFINITIONS = (
					"DEBUG=1",
					"$(inherited)",
				);
				GCC_WARN_64_TO_32_BIT_CONVERSION = YES;
				GCC_WARN_ABOUT_RETURN_TYPE = YES_ERROR;
				GCC_WARN_UNDECLARED_SELECTOR = YES;
				GCC_WARN_UNINITIALIZED_AUTOS = YES_AGGRESSIVE;
				GCC_WARN_UNUSED_FUNCTION = YES;
				GCC_WARN_UNUSED_VARIABLE = YES;
				IPHONEOS_DEPLOYMENT_TARGET = 12.1;
				MTL_ENABLE_DEBUG_INFO = INCLUDE_SOURCE;
				MTL_FAST_MATH = YES;
				ONLY_ACTIVE_ARCH = YES;
				SDKROOT = iphoneos;
				SWIFT_ACTIVE_COMPILATION_CONDITIONS = DEBUG;
				SWIFT_OPTIMIZATION_LEVEL = "-Onone";
			};
			name = Debug;
		};
		D4564CBF223F3DB2007AC36A /* Release */ = {
			isa = XCBuildConfiguration;
			buildSettings = {
				ALWAYS_SEARCH_USER_PATHS = NO;
				CLANG_ANALYZER_NONNULL = YES;
				CLANG_ANALYZER_NUMBER_OBJECT_CONVERSION = YES_AGGRESSIVE;
				CLANG_CXX_LANGUAGE_STANDARD = "gnu++14";
				CLANG_CXX_LIBRARY = "libc++";
				CLANG_ENABLE_MODULES = YES;
				CLANG_ENABLE_OBJC_ARC = YES;
				CLANG_ENABLE_OBJC_WEAK = YES;
				CLANG_WARN_BLOCK_CAPTURE_AUTORELEASING = YES;
				CLANG_WARN_BOOL_CONVERSION = YES;
				CLANG_WARN_COMMA = YES;
				CLANG_WARN_CONSTANT_CONVERSION = YES;
				CLANG_WARN_DEPRECATED_OBJC_IMPLEMENTATIONS = YES;
				CLANG_WARN_DIRECT_OBJC_ISA_USAGE = YES_ERROR;
				CLANG_WARN_DOCUMENTATION_COMMENTS = YES;
				CLANG_WARN_EMPTY_BODY = YES;
				CLANG_WARN_ENUM_CONVERSION = YES;
				CLANG_WARN_INFINITE_RECURSION = YES;
				CLANG_WARN_INT_CONVERSION = YES;
				CLANG_WARN_NON_LITERAL_NULL_CONVERSION = YES;
				CLANG_WARN_OBJC_IMPLICIT_RETAIN_SELF = YES;
				CLANG_WARN_OBJC_LITERAL_CONVERSION = YES;
				CLANG_WARN_OBJC_ROOT_CLASS = YES_ERROR;
				CLANG_WARN_RANGE_LOOP_ANALYSIS = YES;
				CLANG_WARN_STRICT_PROTOTYPES = YES;
				CLANG_WARN_SUSPICIOUS_MOVE = YES;
				CLANG_WARN_UNGUARDED_AVAILABILITY = YES_AGGRESSIVE;
				CLANG_WARN_UNREACHABLE_CODE = YES;
				CLANG_WARN__DUPLICATE_METHOD_MATCH = YES;
				CODE_SIGN_IDENTITY = "iPhone Developer";
				COPY_PHASE_STRIP = NO;
				DEBUG_INFORMATION_FORMAT = "dwarf-with-dsym";
				ENABLE_NS_ASSERTIONS = NO;
				ENABLE_STRICT_OBJC_MSGSEND = YES;
				GCC_C_LANGUAGE_STANDARD = gnu11;
				GCC_NO_COMMON_BLOCKS = YES;
				GCC_WARN_64_TO_32_BIT_CONVERSION = YES;
				GCC_WARN_ABOUT_RETURN_TYPE = YES_ERROR;
				GCC_WARN_UNDECLARED_SELECTOR = YES;
				GCC_WARN_UNINITIALIZED_AUTOS = YES_AGGRESSIVE;
				GCC_WARN_UNUSED_FUNCTION = YES;
				GCC_WARN_UNUSED_VARIABLE = YES;
				IPHONEOS_DEPLOYMENT_TARGET = 12.1;
				MTL_ENABLE_DEBUG_INFO = NO;
				MTL_FAST_MATH = YES;
				SDKROOT = iphoneos;
				SWIFT_COMPILATION_MODE = wholemodule;
				SWIFT_OPTIMIZATION_LEVEL = "-O";
				VALIDATE_PRODUCT = YES;
			};
			name = Release;
		};
		D4564CC1223F3DB2007AC36A /* Debug */ = {
			isa = XCBuildConfiguration;
			buildSettings = {
				ASSETCATALOG_COMPILER_APPICON_NAME = AppIcon;
				CODE_SIGN_STYLE = Automatic;
				INFOPLIST_FILE = Mission_05/Info.plist;
				LD_RUNPATH_SEARCH_PATHS = (
					"$(inherited)",
					"@executable_path/Frameworks",
				);
				PRODUCT_BUNDLE_IDENTIFIER = "com.example.Mission-05";
				PRODUCT_NAME = "$(TARGET_NAME)";
				SWIFT_VERSION = 4.2;
				TARGETED_DEVICE_FAMILY = "1,2";
			};
			name = Debug;
		};
		D4564CC2223F3DB2007AC36A /* Release */ = {
			isa = XCBuildConfiguration;
			buildSettings = {
				ASSETCATALOG_COMPILER_APPICON_NAME = AppIcon;
				CODE_SIGN_STYLE = Automatic;
				INFOPLIST_FILE = Mission_05/Info.plist;
				LD_RUNPATH_SEARCH_PATHS = (
					"$(inherited)",
					"@executable_path/Frameworks",
				);
				PRODUCT_BUNDLE_IDENTIFIER = "com.example.Mission-05";
				PRODUCT_NAME = "$(TARGET_NAME)";
				SWIFT_VERSION = 4.2;
				TARGETED_DEVICE_FAMILY = "1,2";
			};
			name = Release;
		};
		D4564CC4223F3DB2007AC36A /* Debug */ = {
			isa = XCBuildConfiguration;
			buildSettings = {
				ALWAYS_EMBED_SWIFT_STANDARD_LIBRARIES = YES;
				BUNDLE_LOADER = "$(TEST_HOST)";
				CODE_SIGN_STYLE = Automatic;
				INFOPLIST_FILE = Mission_05Tests/Info.plist;
				LD_RUNPATH_SEARCH_PATHS = (
					"$(inherited)",
					"@executable_path/Frameworks",
					"@loader_path/Frameworks",
				);
				PRODUCT_BUNDLE_IDENTIFIER = "com.example.Mission-05Tests";
				PRODUCT_NAME = "$(TARGET_NAME)";
				SWIFT_VERSION = 4.2;
				TARGETED_DEVICE_FAMILY = "1,2";
				TEST_HOST = "$(BUILT_PRODUCTS_DIR)/Mission_05.app/Mission_05";
			};
			name = Debug;
		};
		D4564CC5223F3DB2007AC36A /* Release */ = {
			isa = XCBuildConfiguration;
			buildSettings = {
				ALWAYS_EMBED_SWIFT_STANDARD_LIBRARIES = YES;
				BUNDLE_LOADER = "$(TEST_HOST)";
				CODE_SIGN_STYLE = Automatic;
				INFOPLIST_FILE = Mission_05Tests/Info.plist;
				LD_RUNPATH_SEARCH_PATHS = (
					"$(inherited)",
					"@executable_path/Frameworks",
					"@loader_path/Frameworks",
				);
				PRODUCT_BUNDLE_IDENTIFIER = "com.example.Mission-05Tests";
				PRODUCT_NAME = "$(TARGET_NAME)";
				SWIFT_VERSION = 4.2;
				TARGETED_DEVICE_FAMILY = "1,2";
				TEST_HOST = "$(BUILT_PRODUCTS_DIR)/Mission_05.app/Mission_05";
			};
			name = Release;
		};
		D4564CC7223F3DB2007AC36A /* Debug */ = {
			isa = XCBuildConfiguration;
			buildSettings = {
				ALWAYS_EMBED_SWIFT_STANDARD_LIBRARIES = YES;
				CODE_SIGN_STYLE = Automatic;
				INFOPLIST_FILE = Mission_05UITests/Info.plist;
				LD_RUNPATH_SEARCH_PATHS = (
					"$(inherited)",
					"@executable_path/Frameworks",
					"@loader_path/Frameworks",
				);
				PRODUCT_BUNDLE_IDENTIFIER = "com.example.Mission-05UITests";
				PRODUCT_NAME = "$(TARGET_NAME)";
				SWIFT_VERSION = 4.2;
				TARGETED_DEVICE_FAMILY = "1,2";
				TEST_TARGET_NAME = Mission_05;
			};
			name = Debug;
		};
		D4564CC8223F3DB2007AC36A /* Release */ = {
			isa = XCBuildConfiguration;
			buildSettings = {
				ALWAYS_EMBED_SWIFT_STANDARD_LIBRARIES = YES;
				CODE_SIGN_STYLE = Automatic;
				INFOPLIST_FILE = Mission_05UITests/Info.plist;
				LD_RUNPATH_SEARCH_PATHS = (
					"$(inherited)",
					"@executable_path/Frameworks",
					"@loader_path/Frameworks",
				);
				PRODUCT_BUNDLE_IDENTIFIER = "com.example.Mission-05UITests";
				PRODUCT_NAME = "$(TARGET_NAME)";
				SWIFT_VERSION = 4.2;
				TARGETED_DEVICE_FAMILY = "1,2";
				TEST_TARGET_NAME = Mission_05;
			};
			name = Release;
		};
/* End XCBuildConfiguration section */

/* Begin XCConfigurationList section */
		D4564C93223F3DB1007AC36A /* Build configuration list for PBXProject "Mission_05" */ = {
			isa = XCConfigurationList;
			buildConfigurations = (
				D4564CBE223F3DB2007AC36A /* Debug */,
				D4564CBF223F3DB2007AC36A /* Release */,
			);
			defaultConfigurationIsVisible = 0;
			defaultConfigurationName = Release;
		};
		D4564CC0223F3DB2007AC36A /* Build configuration list for PBXNativeTarget "Mission_05" */ = {
			isa = XCConfigurationList;
			buildConfigurations = (
				D4564CC1223F3DB2007AC36A /* Debug */,
				D4564CC2223F3DB2007AC36A /* Release */,
			);
			defaultConfigurationIsVisible = 0;
			defaultConfigurationName = Release;
		};
		D4564CC3223F3DB2007AC36A /* Build configuration list for PBXNativeTarget "Mission_05Tests" */ = {
			isa = XCConfigurationList;
			buildConfigurations = (
				D4564CC4223F3DB2007AC36A /* Debug */,
				D4564CC5223F3DB2007AC36A /* Release */,
			);
			defaultConfigurationIsVisible = 0;
			defaultConfigurationName = Release;
		};
		D4564CC6223F3DB2007AC36A /* Build configuration list for PBXNativeTarget "Mission_05UITests" */ = {
			isa = XCConfigurationList;
			buildConfigurations = (
				D4564CC7223F3DB2007AC36A /* Debug */,
				D4564CC8223F3DB2007AC36A /* Release */,
			);
			defaultConfigurationIsVisible = 0;
			defaultConfigurationName = Release;
		};
/* End XCConfigurationList section */
	};
	rootObject = D4564C90223F3DB1007AC36A /* Project object */;
}
